
Microsoft Visual Studio Solution File, Format Version 12.00
# Visual Studio Version 17
VisualStudioVersion = 17.7.33808.371
MinimumVisualStudioVersion = 10.0.40219.1
Project("{FAE04EC0-301F-11D3-BF4B-00C04F79EFBC}") = "Jewellery.Server", "Jewellery\Server\Jewellery.Server.csproj", "{86D00E90-A1E6-4D25-BDEA-ED10B76BFF32}"
EndProject
Project("{FAE04EC0-301F-11D3-BF4B-00C04F79EFBC}") = "Jewellery.Client", "Jewellery\Client\Jewellery.Client.csproj", "{E0B207EA-3A9C-41C4-ADBF-AAF75C33F3EF}"
EndProject
Project("{FAE04EC0-301F-11D3-BF4B-00C04F79EFBC}") = "Jewellery.Shared", "Jewellery\Shared\Jewellery.Shared.csproj", "{D5A26578-D119-4B14-B4DD-5548C3DB9B87}"
EndProject
Global
	GlobalSection(SolutionConfigurationPlatforms) = preSolution
		Debug|Any CPU = Debug|Any CPU
		Release|Any CPU = Release|Any CPU
	EndGlobalSection
	GlobalSection(ProjectConfigurationPlatforms) = postSolution
		{86D00E90-A1E6-4D25-BDEA-ED10B76BFF32}.Debug|Any CPU.ActiveCfg = Debug|Any CPU
		{86D00E90-A1E6-4D25-BDEA-ED10B76BFF32}.Debug|Any CPU.Build.0 = Debug|Any CPU
		{86D00E90-A1E6-4D25-BDEA-ED10B76BFF32}.Release|Any CPU.ActiveCfg = Release|Any CPU
		{86D00E90-A1E6-4D25-BDEA-ED10B76BFF32}.Release|Any CPU.Build.0 = Release|Any CPU
		{E0B207EA-3A9C-41C4-ADBF-AAF75C33F3EF}.Debug|Any CPU.ActiveCfg = Debug|Any CPU
		{E0B207EA-3A9C-41C4-ADBF-AAF75C33F3EF}.Debug|Any CPU.Build.0 = Debug|Any CPU
		{E0B207EA-3A9C-41C4-ADBF-AAF75C33F3EF}.Release|Any CPU.ActiveCfg = Release|Any CPU
		{E0B207EA-3A9C-41C4-ADBF-AAF75C33F3EF}.Release|Any CPU.Build.0 = Release|Any CPU
		{D5A26578-D119-4B14-B4DD-5548C3DB9B87}.Debug|Any CPU.ActiveCfg = Debug|Any CPU
		{D5A26578-D119-4B14-B4DD-5548C3DB9B87}.Debug|Any CPU.Build.0 = Debug|Any CPU
		{D5A26578-D119-4B14-B4DD-5548C3DB9B87}.Release|Any CPU.ActiveCfg = Release|Any CPU
		{D5A26578-D119-4B14-B4DD-5548C3DB9B87}.Release|Any CPU.Build.0 = Release|Any CPU
	EndGlobalSection
	GlobalSection(SolutionProperties) = preSolution
		HideSolutionNode = FALSE
	EndGlobalSection
	GlobalSection(ExtensibilityGlobals) = postSolution
		SolutionGuid = {29A15A89-73F1-4F71-A2EE-D3919703744D}
	EndGlobalSection
EndGlobal
